
Microsoft Visual Studio Solution File, Format Version 12.00
# Visual Studio Version 17
VisualStudioVersion = 17.4.33213.308
MinimumVisualStudioVersion = 10.0.40219.1
Project("{9A19103F-16F7-4668-BE54-9A1E7A4F7556}") = "WorkPomodoro_API", "WorkPomodoro_API\WorkPomodoro_API.csproj", "{EBE0B8D7-2F5E-45F0-AF76-16593E7BC6B5}"
EndProject
Project("{E53339B2-1760-4266-BCC7-CA923CBCF16C}") = "docker-compose", "docker-compose.dcproj", "{14179733-E811-4AF3-BDB2-A7B04D8A415E}"
EndProject
Global
	GlobalSection(SolutionConfigurationPlatforms) = preSolution
		Debug|Any CPU = Debug|Any CPU
		Release|Any CPU = Release|Any CPU
	EndGlobalSection
	GlobalSection(ProjectConfigurationPlatforms) = postSolution
		{EBE0B8D7-2F5E-45F0-AF76-16593E7BC6B5}.Debug|Any CPU.ActiveCfg = Debug|Any CPU
		{EBE0B8D7-2F5E-45F0-AF76-16593E7BC6B5}.Debug|Any CPU.Build.0 = Debug|Any CPU
		{EBE0B8D7-2F5E-45F0-AF76-16593E7BC6B5}.Release|Any CPU.ActiveCfg = Release|Any CPU
		{EBE0B8D7-2F5E-45F0-AF76-16593E7BC6B5}.Release|Any CPU.Build.0 = Release|Any CPU
		{14179733-E811-4AF3-BDB2-A7B04D8A415E}.Debug|Any CPU.ActiveCfg = Debug|Any CPU
		{14179733-E811-4AF3-BDB2-A7B04D8A415E}.Debug|Any CPU.Build.0 = Debug|Any CPU
		{14179733-E811-4AF3-BDB2-A7B04D8A415E}.Release|Any CPU.ActiveCfg = Release|Any CPU
		{14179733-E811-4AF3-BDB2-A7B04D8A415E}.Release|Any CPU.Build.0 = Release|Any CPU
	EndGlobalSection
	GlobalSection(SolutionProperties) = preSolution
		HideSolutionNode = FALSE
	EndGlobalSection
	GlobalSection(ExtensibilityGlobals) = postSolution
		SolutionGuid = {D3FF3FB3-8C68-4D2A-A45C-50F8F5DFF334}
	EndGlobalSection
EndGlobal
